
Microsoft Visual Studio Solution File, Format Version 12.00
# Visual Studio Version 17
VisualStudioVersion = 17.8.34408.163
MinimumVisualStudioVersion = 10.0.40219.1
Project("{FAE04EC0-301F-11D3-BF4B-00C04F79EFBC}") = "Connect To SQL Database", "Connect To SQL Database\Connect To SQL Database.csproj", "{E180A265-BA03-4288-9547-8898ED4885B3}"
EndProject
Global
	GlobalSection(SolutionConfigurationPlatforms) = preSolution
		Debug|Any CPU = Debug|Any CPU
		Release|Any CPU = Release|Any CPU
	EndGlobalSection
	GlobalSection(ProjectConfigurationPlatforms) = postSolution
		{E180A265-BA03-4288-9547-8898ED4885B3}.Debug|Any CPU.ActiveCfg = Debug|Any CPU
		{E180A265-BA03-4288-9547-8898ED4885B3}.Debug|Any CPU.Build.0 = Debug|Any CPU
		{E180A265-BA03-4288-9547-8898ED4885B3}.Release|Any CPU.ActiveCfg = Release|Any CPU
		{E180A265-BA03-4288-9547-8898ED4885B3}.Release|Any CPU.Build.0 = Release|Any CPU
	EndGlobalSection
	GlobalSection(SolutionProperties) = preSolution
		HideSolutionNode = FALSE
	EndGlobalSection
	GlobalSection(ExtensibilityGlobals) = postSolution
		SolutionGuid = {C6894827-B458-4828-BED0-F1344CDFBEA3}
	EndGlobalSection
EndGlobal
